// !$*UTF8*$!
{
	archiveVersion = 1;
	classes = {
	};
	objectVersion = 50;
	objects = {

/* Begin PBXBuildFile section */
		6CD515AA258B3BF400EA3B43 /* AppDelegate.swift in Sources */ = {isa = PBXBuildFile; fileRef = 6CD515A9258B3BF400EA3B43 /* AppDelegate.swift */; };
		6CD515AC258B3BF400EA3B43 /* SceneDelegate.swift in Sources */ = {isa = PBXBuildFile; fileRef = 6CD515AB258B3BF400EA3B43 /* SceneDelegate.swift */; };
		6CD515AE258B3BF400EA3B43 /* ViewController.swift in Sources */ = {isa = PBXBuildFile; fileRef = 6CD515AD258B3BF400EA3B43 /* ViewController.swift */; };
		6CD515B1258B3BF400EA3B43 /* Main.storyboard in Resources */ = {isa = PBXBuildFile; fileRef = 6CD515AF258B3BF400EA3B43 /* Main.storyboard */; };
		6CD515B3258B3BF500EA3B43 /* Assets.xcassets in Resources */ = {isa = PBXBuildFile; fileRef = 6CD515B2258B3BF500EA3B43 /* Assets.xcassets */; };
		6CD515B6258B3BF500EA3B43 /* LaunchScreen.storyboard in Resources */ = {isa = PBXBuildFile; fileRef = 6CD515B4258B3BF500EA3B43 /* LaunchScreen.storyboard */; };
		6CD515C7258B3D3E00EA3B43 /* iPad_X.png in Resources */ = {isa = PBXBuildFile; fileRef = 6CD515BE258B3D3D00EA3B43 /* iPad_X.png */; };
		6CD515C8258B3D3E00EA3B43 /* iPhone_board.png in Resources */ = {isa = PBXBuildFile; fileRef = 6CD515BF258B3D3D00EA3B43 /* iPhone_board.png */; };
		6CD515C9258B3D3E00EA3B43 /* Icon@2x.png in Resources */ = {isa = PBXBuildFile; fileRef = 6CD515C0258B3D3E00EA3B43 /* Icon@2x.png */; };
		6CD515CA258B3D3E00EA3B43 /* iPad_board.png in Resources */ = {isa = PBXBuildFile; fileRef = 6CD515C1258B3D3E00EA3B43 /* iPad_board.png */; };
		6CD515CB258B3D3E00EA3B43 /* iPhone_O.png in Resources */ = {isa = PBXBuildFile; fileRef = 6CD515C2258B3D3E00EA3B43 /* iPhone_O.png */; };
		6CD515CC258B3D3E00EA3B43 /* Icon-72.png in Resources */ = {isa = PBXBuildFile; fileRef = 6CD515C3258B3D3E00EA3B43 /* Icon-72.png */; };
		6CD515CD258B3D3E00EA3B43 /* iPad_O.png in Resources */ = {isa = PBXBuildFile; fileRef = 6CD515C4258B3D3E00EA3B43 /* iPad_O.png */; };
		6CD515CE258B3D3E00EA3B43 /* iPhone_X.png in Resources */ = {isa = PBXBuildFile; fileRef = 6CD515C5258B3D3E00EA3B43 /* iPhone_X.png */; };
		6CD515CF258B3D3E00EA3B43 /* Icon.png in Resources */ = {isa = PBXBuildFile; fileRef = 6CD515C6258B3D3E00EA3B43 /* Icon.png */; };
/* End PBXBuildFile section */

/* Begin PBXFileReference section */
		6CD515A6258B3BF400EA3B43 /* TicTacToe.app */ = {isa = PBXFileReference; explicitFileType = wrapper.application; includeInIndex = 0; path = TicTacToe.app; sourceTree = BUILT_PRODUCTS_DIR; };
		6CD515A9258B3BF400EA3B43 /* AppDelegate.swift */ = {isa = PBXFileReference; lastKnownFileType = sourcecode.swift; path = AppDelegate.swift; sourceTree = "<group>"; };
		6CD515AB258B3BF400EA3B43 /* SceneDelegate.swift */ = {isa = PBXFileReference; lastKnownFileType = sourcecode.swift; path = SceneDelegate.swift; sourceTree = "<group>"; };
		6CD515AD258B3BF400EA3B43 /* ViewController.swift */ = {isa = PBXFileReference; lastKnownFileType = sourcecode.swift; path = ViewController.swift; sourceTree = "<group>"; };
		6CD515B0258B3BF400EA3B43 /* Base */ = {isa = PBXFileReference; lastKnownFileType = file.storyboard; name = Base; path = Base.lproj/Main.storyboard; sourceTree = "<group>"; };
		6CD515B2258B3BF500EA3B43 /* Assets.xcassets */ = {isa = PBXFileReference; lastKnownFileType = folder.assetcatalog; path = Assets.xcassets; sourceTree = "<group>"; };
		6CD515B5258B3BF500EA3B43 /* Base */ = {isa = PBXFileReference; lastKnownFileType = file.storyboard; name = Base; path = Base.lproj/LaunchScreen.storyboard; sourceTree = "<group>"; };
		6CD515B7258B3BF500EA3B43 /* Info.plist */ = {isa = PBXFileReference; lastKnownFileType = text.plist.xml; path = Info.plist; sourceTree = "<group>"; };
		6CD515BE258B3D3D00EA3B43 /* iPad_X.png */ = {isa = PBXFileReference; lastKnownFileType = image.png; path = iPad_X.png; sourceTree = "<group>"; };
		6CD515BF258B3D3D00EA3B43 /* iPhone_board.png */ = {isa = PBXFileReference; lastKnownFileType = image.png; path = iPhone_board.png; sourceTree = "<group>"; };
		6CD515C0258B3D3E00EA3B43 /* Icon@2x.png */ = {isa = PBXFileReference; lastKnownFileType = image.png; path = "Icon@2x.png"; sourceTree = "<group>"; };
		6CD515C1258B3D3E00EA3B43 /* iPad_board.png */ = {isa = PBXFileReference; lastKnownFileType = image.png; path = iPad_board.png; sourceTree = "<group>"; };
		6CD515C2258B3D3E00EA3B43 /* iPhone_O.png */ = {isa = PBXFileReference; lastKnownFileType = image.png; path = iPhone_O.png; sourceTree = "<group>"; };
		6CD515C3258B3D3E00EA3B43 /* Icon-72.png */ = {isa = PBXFileReference; lastKnownFileType = image.png; path = "Icon-72.png"; sourceTree = "<group>"; };
		6CD515C4258B3D3E00EA3B43 /* iPad_O.png */ = {isa = PBXFileReference; lastKnownFileType = image.png; path = iPad_O.png; sourceTree = "<group>"; };
		6CD515C5258B3D3E00EA3B43 /* iPhone_X.png */ = {isa = PBXFileReference; lastKnownFileType = image.png; path = iPhone_X.png; sourceTree = "<group>"; };
		6CD515C6258B3D3E00EA3B43 /* Icon.png */ = {isa = PBXFileReference; lastKnownFileType = image.png; path = Icon.png; sourceTree = "<group>"; };
/* End PBXFileReference section */

/* Begin PBXFrameworksBuildPhase section */
		6CD515A3258B3BF400EA3B43 /* Frameworks */ = {
			isa = PBXFrameworksBuildPhase;
			buildActionMask = 2147483647;
			files = (
			);
			runOnlyForDeploymentPostprocessing = 0;
		};
/* End PBXFrameworksBuildPhase section */

/* Begin PBXGroup section */
		6CD5159D258B3BF400EA3B43 = {
			isa = PBXGroup;
			children = (
				6CD515A8258B3BF400EA3B43 /* TicTacToe */,
				6CD515A7258B3BF400EA3B43 /* Products */,
			);
			sourceTree = "<group>";
		};
		6CD515A7258B3BF400EA3B43 /* Products */ = {
			isa = PBXGroup;
			children = (
				6CD515A6258B3BF400EA3B43 /* TicTacToe.app */,
			);
			name = Products;
			sourceTree = "<group>";
		};
		6CD515A8258B3BF400EA3B43 /* TicTacToe */ = {
			isa = PBXGroup;
			children = (
				6CD515C3258B3D3E00EA3B43 /* Icon-72.png */,
				6CD515C6258B3D3E00EA3B43 /* Icon.png */,
				6CD515C0258B3D3E00EA3B43 /* Icon@2x.png */,
				6CD515C1258B3D3E00EA3B43 /* iPad_board.png */,
				6CD515C4258B3D3E00EA3B43 /* iPad_O.png */,
				6CD515BE258B3D3D00EA3B43 /* iPad_X.png */,
				6CD515BF258B3D3D00EA3B43 /* iPhone_board.png */,
				6CD515C2258B3D3E00EA3B43 /* iPhone_O.png */,
				6CD515C5258B3D3E00EA3B43 /* iPhone_X.png */,
				6CD515A9258B3BF400EA3B43 /* AppDelegate.swift */,
				6CD515AB258B3BF400EA3B43 /* SceneDelegate.swift */,
				6CD515AD258B3BF400EA3B43 /* ViewController.swift */,
				6CD515AF258B3BF400EA3B43 /* Main.storyboard */,
				6CD515B2258B3BF500EA3B43 /* Assets.xcassets */,
				6CD515B4258B3BF500EA3B43 /* LaunchScreen.storyboard */,
				6CD515B7258B3BF500EA3B43 /* Info.plist */,
			);
			path = TicTacToe;
			sourceTree = "<group>";
		};
/* End PBXGroup section */

/* Begin PBXNativeTarget section */
		6CD515A5258B3BF400EA3B43 /* TicTacToe */ = {
			isa = PBXNativeTarget;
			buildConfigurationList = 6CD515BA258B3BF500EA3B43 /* Build configuration list for PBXNativeTarget "TicTacToe" */;
			buildPhases = (
				6CD515A2258B3BF400EA3B43 /* Sources */,
				6CD515A3258B3BF400EA3B43 /* Frameworks */,
				6CD515A4258B3BF400EA3B43 /* Resources */,
			);
			buildRules = (
			);
			dependencies = (
			);
			name = TicTacToe;
			productName = TicTacToe;
			productReference = 6CD515A6258B3BF400EA3B43 /* TicTacToe.app */;
			productType = "com.apple.product-type.application";
		};
/* End PBXNativeTarget section */

/* Begin PBXProject section */
		6CD5159E258B3BF400EA3B43 /* Project object */ = {
			isa = PBXProject;
			attributes = {
				LastSwiftUpdateCheck = 1220;
				LastUpgradeCheck = 1220;
				TargetAttributes = {
					6CD515A5258B3BF400EA3B43 = {
						CreatedOnToolsVersion = 12.2;
					};
				};
			};
			buildConfigurationList = 6CD515A1258B3BF400EA3B43 /* Build configuration list for PBXProject "TicTacToe" */;
			compatibilityVersion = "Xcode 9.3";
			developmentRegion = en;
			hasScannedForEncodings = 0;
			knownRegions = (
				en,
				Base,
			);
			mainGroup = 6CD5159D258B3BF400EA3B43;
			productRefGroup = 6CD515A7258B3BF400EA3B43 /* Products */;
			projectDirPath = "";
			projectRoot = "";
			targets = (
				6CD515A5258B3BF400EA3B43 /* TicTacToe */,
			);
		};
/* End PBXProject section */

/* Begin PBXResourcesBuildPhase section */
		6CD515A4258B3BF400EA3B43 /* Resources */ = {
			isa = PBXResourcesBuildPhase;
			buildActionMask = 2147483647;
			files = (
				6CD515CF258B3D3E00EA3B43 /* Icon.png in Resources */,
				6CD515CB258B3D3E00EA3B43 /* iPhone_O.png in Resources */,
				6CD515CD258B3D3E00EA3B43 /* iPad_O.png in Resources */,
				6CD515B6258B3BF500EA3B43 /* LaunchScreen.storyboard in Resources */,
				6CD515CC258B3D3E00EA3B43 /* Icon-72.png in Resources */,
				6CD515C9258B3D3E00EA3B43 /* Icon@2x.png in Resources */,
				6CD515C8258B3D3E00EA3B43 /* iPhone_board.png in Resources */,
				6CD515B3258B3BF500EA3B43 /* Assets.xcassets in Resources */,
				6CD515C7258B3D3E00EA3B43 /* iPad_X.png in Resources */,
				6CD515B1258B3BF400EA3B43 /* Main.storyboard in Resources */,
				6CD515CA258B3D3E00EA3B43 /* iPad_board.png in Resources */,
				6CD515CE258B3D3E00EA3B43 /* iPhone_X.png in Resources */,
			);
			runOnlyForDeploymentPostprocessing = 0;
		};
/* End PBXResourcesBuildPhase section */

/* Begin PBXSourcesBuildPhase section */
		6CD515A2258B3BF400EA3B43 /* Sources */ = {
			isa = PBXSourcesBuildPhase;
			buildActionMask = 2147483647;
			files = (
				6CD515AE258B3BF400EA3B43 /* ViewController.swift in Sources */,
				6CD515AA258B3BF400EA3B43 /* AppDelegate.swift in Sources */,
				6CD515AC258B3BF400EA3B43 /* SceneDelegate.swift in Sources */,
			);
			runOnlyForDeploymentPostprocessing = 0;
		};
/* End PBXSourcesBuildPhase section */

/* Begin PBXVariantGroup section */
		6CD515AF258B3BF400EA3B43 /* Main.storyboard */ = {
			isa = PBXVariantGroup;
			children = (
				6CD515B0258B3BF400EA3B43 /* Base */,
			);
			name = Main.storyboard;
			sourceTree = "<group>";
		};
		6CD515B4258B3BF500EA3B43 /* LaunchScreen.storyboard */ = {
			isa = PBXVariantGroup;
			children = (
				6CD515B5258B3BF500EA3B43 /* Base */,
			);
			name = LaunchScreen.storyboard;
			sourceTree = "<group>";
		};
/* End PBXVariantGroup section */

/* Begin XCBuildConfiguration section */
		6CD515B8258B3BF500EA3B43 /* Debug */ = {
			isa = XCBuildConfiguration;
			buildSettings = {
				ALWAYS_SEARCH_USER_PATHS = NO;
				CLANG_ANALYZER_NONNULL = YES;
				CLANG_ANALYZER_NUMBER_OBJECT_CONVERSION = YES_AGGRESSIVE;
				CLANG_CXX_LANGUAGE_STANDARD = "gnu++14";
				CLANG_CXX_LIBRARY = "libc++";
				CLANG_ENABLE_MODULES = YES;
				CLANG_ENABLE_OBJC_ARC = YES;
				CLANG_ENABLE_OBJC_WEAK = YES;
				CLANG_WARN_BLOCK_CAPTURE_AUTORELEASING = YES;
				CLANG_WARN_BOOL_CONVERSION = YES;
				CLANG_WARN_COMMA = YES;
				CLANG_WARN_CONSTANT_CONVERSION = YES;
				CLANG_WARN_DEPRECATED_OBJC_IMPLEMENTATIONS = YES;
				CLANG_WARN_DIRECT_OBJC_ISA_USAGE = YES_ERROR;
				CLANG_WARN_DOCUMENTATION_COMMENTS = YES;
				CLANG_WARN_EMPTY_BODY = YES;
				CLANG_WARN_ENUM_CONVERSION = YES;
				CLANG_WARN_INFINITE_RECURSION = YES;
				CLANG_WARN_INT_CONVERSION = YES;
				CLANG_WARN_NON_LITERAL_NULL_CONVERSION = YES;
				CLANG_WARN_OBJC_IMPLICIT_RETAIN_SELF = YES;
				CLANG_WARN_OBJC_LITERAL_CONVERSION = YES;
				CLANG_WARN_OBJC_ROOT_CLASS = YES_ERROR;
				CLANG_WARN_QUOTED_INCLUDE_IN_FRAMEWORK_HEADER = YES;
				CLANG_WARN_RANGE_LOOP_ANALYSIS = YES;
				CLANG_WARN_STRICT_PROTOTYPES = YES;
				CLANG_WARN_SUSPICIOUS_MOVE = YES;
				CLANG_WARN_UNGUARDED_AVAILABILITY = YES_AGGRESSIVE;
				CLANG_WARN_UNREACHABLE_CODE = YES;
				CLANG_WARN__DUPLICATE_METHOD_MATCH = YES;
				COPY_PHASE_STRIP = NO;
				DEBUG_INFORMATION_FORMAT = dwarf;
				ENABLE_STRICT_OBJC_MSGSEND = YES;
				ENABLE_TESTABILITY = YES;
				GCC_C_LANGUAGE_STANDARD = gnu11;
				GCC_DYNAMIC_NO_PIC = NO;
				GCC_NO_COMMON_BLOCKS = YES;
				GCC_OPTIMIZATION_LEVEL = 0;
				GCC_PREPROCESSOR_DEFINITIONS = (
					"DEBUG=1",
					"$(inherited)",
				);
				GCC_WARN_64_TO_32_BIT_CONVERSION = YES;
				GCC_WARN_ABOUT_RETURN_TYPE = YES_ERROR;
				GCC_WARN_UNDECLARED_SELECTOR = YES;
				GCC_WARN_UNINITIALIZED_AUTOS = YES_AGGRESSIVE;
				GCC_WARN_UNUSED_FUNCTION = YES;
				GCC_WARN_UNUSED_VARIABLE = YES;
				IPHONEOS_DEPLOYMENT_TARGET = 14.2;
				MTL_ENABLE_DEBUG_INFO = INCLUDE_SOURCE;
				MTL_FAST_MATH = YES;
				ONLY_ACTIVE_ARCH = YES;
				SDKROOT = iphoneos;
				SWIFT_ACTIVE_COMPILATION_CONDITIONS = DEBUG;
				SWIFT_OPTIMIZATION_LEVEL = "-Onone";
			};
			name = Debug;
		};
		6CD515B9258B3BF500EA3B43 /* Release */ = {
			isa = XCBuildConfiguration;
			buildSettings = {
				ALWAYS_SEARCH_USER_PATHS = NO;
				CLANG_ANALYZER_NONNULL = YES;
				CLANG_ANALYZER_NUMBER_OBJECT_CONVERSION = YES_AGGRESSIVE;
				CLANG_CXX_LANGUAGE_STANDARD = "gnu++14";
				CLANG_CXX_LIBRARY = "libc++";
				CLANG_ENABLE_MODULES = YES;
				CLANG_ENABLE_OBJC_ARC = YES;
				CLANG_ENABLE_OBJC_WEAK = YES;
				CLANG_WARN_BLOCK_CAPTURE_AUTORELEASING = YES;
				CLANG_WARN_BOOL_CONVERSION = YES;
				CLANG_WARN_COMMA = YES;
				CLANG_WARN_CONSTANT_CONVERSION = YES;
				CLANG_WARN_DEPRECATED_OBJC_IMPLEMENTATIONS = YES;
				CLANG_WARN_DIRECT_OBJC_ISA_USAGE = YES_ERROR;
				CLANG_WARN_DOCUMENTATION_COMMENTS = YES;
				CLANG_WARN_EMPTY_BODY = YES;
				CLANG_WARN_ENUM_CONVERSION = YES;
				CLANG_WARN_INFINITE_RECURSION = YES;
				CLANG_WARN_INT_CONVERSION = YES;
				CLANG_WARN_NON_LITERAL_NULL_CONVERSION = YES;
				CLANG_WARN_OBJC_IMPLICIT_RETAIN_SELF = YES;
				CLANG_WARN_OBJC_LITERAL_CONVERSION = YES;
				CLANG_WARN_OBJC_ROOT_CLASS = YES_ERROR;
				CLANG_WARN_QUOTED_INCLUDE_IN_FRAMEWORK_HEADER = YES;
				CLANG_WARN_RANGE_LOOP_ANALYSIS = YES;
				CLANG_WARN_STRICT_PROTOTYPES = YES;
				CLANG_WARN_SUSPICIOUS_MOVE = YES;
				CLANG_WARN_UNGUARDED_AVAILABILITY = YES_AGGRESSIVE;
				CLANG_WARN_UNREACHABLE_CODE = YES;
				CLANG_WARN__DUPLICATE_METHOD_MATCH = YES;
				COPY_PHASE_STRIP = NO;
				DEBUG_INFORMATION_FORMAT = "dwarf-with-dsym";
				ENABLE_NS_ASSERTIONS = NO;
				ENABLE_STRICT_OBJC_MSGSEND = YES;
				GCC_C_LANGUAGE_STANDARD = gnu11;
				GCC_NO_COMMON_BLOCKS = YES;
				GCC_WARN_64_TO_32_BIT_CONVERSION = YES;
				GCC_WARN_ABOUT_RETURN_TYPE = YES_ERROR;
				GCC_WARN_UNDECLARED_SELECTOR = YES;
				GCC_WARN_UNINITIALIZED_AUTOS = YES_AGGRESSIVE;
				GCC_WARN_UNUSED_FUNCTION = YES;
				GCC_WARN_UNUSED_VARIABLE = YES;
				IPHONEOS_DEPLOYMENT_TARGET = 14.2;
				MTL_ENABLE_DEBUG_INFO = NO;
				MTL_FAST_MATH = YES;
				SDKROOT = iphoneos;
				SWIFT_COMPILATION_MODE = wholemodule;
				SWIFT_OPTIMIZATION_LEVEL = "-O";
				VALIDATE_PRODUCT = YES;
			};
			name = Release;
		};
		6CD515BB258B3BF500EA3B43 /* Debug */ = {
			isa = XCBuildConfiguration;
			buildSettings = {
				ASSETCATALOG_COMPILER_APPICON_NAME = AppIcon;
				ASSETCATALOG_COMPILER_GLOBAL_ACCENT_COLOR_NAME = AccentColor;
				CODE_SIGN_STYLE = Automatic;
				INFOPLIST_FILE = TicTacToe/Info.plist;
				LD_RUNPATH_SEARCH_PATHS = (
					"$(inherited)",
					"@executable_path/Frameworks",
				);
				PRODUCT_BUNDLE_IDENTIFIER = edu.rosehulman.grayledw.TicTacToe;
				PRODUCT_NAME = "$(TARGET_NAME)";
				SWIFT_VERSION = 5.0;
				TARGETED_DEVICE_FAMILY = "1,2";
			};
			name = Debug;
		};
		6CD515BC258B3BF500EA3B43 /* Release */ = {
			isa = XCBuildConfiguration;
			buildSettings = {
				ASSETCATALOG_COMPILER_APPICON_NAME = AppIcon;
				ASSETCATALOG_COMPILER_GLOBAL_ACCENT_COLOR_NAME = AccentColor;
				CODE_SIGN_STYLE = Automatic;
				INFOPLIST_FILE = TicTacToe/Info.plist;
				LD_RUNPATH_SEARCH_PATHS = (
					"$(inherited)",
					"@executable_path/Frameworks",
				);
				PRODUCT_BUNDLE_IDENTIFIER = edu.rosehulman.grayledw.TicTacToe;
				PRODUCT_NAME = "$(TARGET_NAME)";
				SWIFT_VERSION = 5.0;
				TARGETED_DEVICE_FAMILY = "1,2";
			};
			name = Release;
		};
/* End XCBuildConfiguration section */

/* Begin XCConfigurationList section */
		6CD515A1258B3BF400EA3B43 /* Build configuration list for PBXProject "TicTacToe" */ = {
			isa = XCConfigurationList;
			buildConfigurations = (
				6CD515B8258B3BF500EA3B43 /* Debug */,
				6CD515B9258B3BF500EA3B43 /* Release */,
			);
			defaultConfigurationIsVisible = 0;
			defaultConfigurationName = Release;
		};
		6CD515BA258B3BF500EA3B43 /* Build configuration list for PBXNativeTarget "TicTacToe" */ = {
			isa = XCConfigurationList;
			buildConfigurations = (
				6CD515BB258B3BF500EA3B43 /* Debug */,
				6CD515BC258B3BF500EA3B43 /* Release */,
			);
			defaultConfigurationIsVisible = 0;
			defaultConfigurationName = Release;
		};
/* End XCConfigurationList section */
	};
	rootObject = 6CD5159E258B3BF400EA3B43 /* Project object */;
}
